
Microsoft Visual Studio Solution File, Format Version 12.00
# Visual Studio Version 16
VisualStudioVersion = 16.0.31005.135
MinimumVisualStudioVersion = 10.0.40219.1
Project("{9A19103F-16F7-4668-BE54-9A1E7A4F7556}") = "AlterData-Api", "AlterData-Api.csproj", "{6CD90464-247E-40A5-A408-1B88975D729F}"
EndProject
Project("{FAE04EC0-301F-11D3-BF4B-00C04F79EFBC}") = "UnitTestAlterData", "..\UnitTestAlterData\UnitTestAlterData.csproj", "{5C3DC20A-5240-481E-B50E-903474CB4F5A}"
EndProject
Global
	GlobalSection(SolutionConfigurationPlatforms) = preSolution
		Debug|Any CPU = Debug|Any CPU
		Release|Any CPU = Release|Any CPU
	EndGlobalSection
	GlobalSection(ProjectConfigurationPlatforms) = postSolution
		{6CD90464-247E-40A5-A408-1B88975D729F}.Debug|Any CPU.ActiveCfg = Debug|Any CPU
		{6CD90464-247E-40A5-A408-1B88975D729F}.Debug|Any CPU.Build.0 = Debug|Any CPU
		{6CD90464-247E-40A5-A408-1B88975D729F}.Release|Any CPU.ActiveCfg = Release|Any CPU
		{6CD90464-247E-40A5-A408-1B88975D729F}.Release|Any CPU.Build.0 = Release|Any CPU
		{5C3DC20A-5240-481E-B50E-903474CB4F5A}.Debug|Any CPU.ActiveCfg = Debug|Any CPU
		{5C3DC20A-5240-481E-B50E-903474CB4F5A}.Debug|Any CPU.Build.0 = Debug|Any CPU
		{5C3DC20A-5240-481E-B50E-903474CB4F5A}.Release|Any CPU.ActiveCfg = Release|Any CPU
		{5C3DC20A-5240-481E-B50E-903474CB4F5A}.Release|Any CPU.Build.0 = Release|Any CPU
	EndGlobalSection
	GlobalSection(SolutionProperties) = preSolution
		HideSolutionNode = FALSE
	EndGlobalSection
	GlobalSection(ExtensibilityGlobals) = postSolution
		SolutionGuid = {31BEFBC6-8D32-40B6-9329-C656D9824FF0}
	EndGlobalSection
EndGlobal
